
Microsoft Visual Studio Solution File, Format Version 12.00
# Visual Studio Version 16
VisualStudioVersion = 16.0.30225.117
MinimumVisualStudioVersion = 10.0.40219.1
Project("{FAE04EC0-301F-11D3-BF4B-00C04F79EFBC}") = "FolderTransferApp", "FolderTransferApp.csproj", "{A25BAE69-2069-4D5E-A30A-97FE56FB8BD5}"
EndProject
Global
	GlobalSection(SolutionConfigurationPlatforms) = preSolution
		Debug|Any CPU = Debug|Any CPU
		Release|Any CPU = Release|Any CPU
	EndGlobalSection
	GlobalSection(ProjectConfigurationPlatforms) = postSolution
		{A25BAE69-2069-4D5E-A30A-97FE56FB8BD5}.Debug|Any CPU.ActiveCfg = Debug|Any CPU
		{A25BAE69-2069-4D5E-A30A-97FE56FB8BD5}.Debug|Any CPU.Build.0 = Debug|Any CPU
		{A25BAE69-2069-4D5E-A30A-97FE56FB8BD5}.Release|Any CPU.ActiveCfg = Release|Any CPU
		{A25BAE69-2069-4D5E-A30A-97FE56FB8BD5}.Release|Any CPU.Build.0 = Release|Any CPU
	EndGlobalSection
	GlobalSection(SolutionProperties) = preSolution
		HideSolutionNode = FALSE
	EndGlobalSection
	GlobalSection(ExtensibilityGlobals) = postSolution
		SolutionGuid = {55736C4D-64EA-4018-AF81-9FE2AAAEE8BA}
	EndGlobalSection
EndGlobal
